
Microsoft Visual Studio Solution File, Format Version 12.00
# Visual Studio Version 16
VisualStudioVersion = 16.0.29728.190
MinimumVisualStudioVersion = 10.0.40219.1
Project("{FAE04EC0-301F-11D3-BF4B-00C04F79EFBC}") = "MyListClassProject", "MyListClassProject\MyListClassProject.csproj", "{0C3DDDFF-B7C5-4EE1-90F5-7725DC31E973}"
EndProject
Project("{FAE04EC0-301F-11D3-BF4B-00C04F79EFBC}") = "UnitTestProject1", "UnitTestProject1\UnitTestProject1.csproj", "{06F2896D-18B9-416D-964E-2B5E36309EE1}"
EndProject
Global
	GlobalSection(SolutionConfigurationPlatforms) = preSolution
		Debug|Any CPU = Debug|Any CPU
		Release|Any CPU = Release|Any CPU
	EndGlobalSection
	GlobalSection(ProjectConfigurationPlatforms) = postSolution
		{0C3DDDFF-B7C5-4EE1-90F5-7725DC31E973}.Debug|Any CPU.ActiveCfg = Debug|Any CPU
		{0C3DDDFF-B7C5-4EE1-90F5-7725DC31E973}.Debug|Any CPU.Build.0 = Debug|Any CPU
		{0C3DDDFF-B7C5-4EE1-90F5-7725DC31E973}.Release|Any CPU.ActiveCfg = Release|Any CPU
		{0C3DDDFF-B7C5-4EE1-90F5-7725DC31E973}.Release|Any CPU.Build.0 = Release|Any CPU
		{06F2896D-18B9-416D-964E-2B5E36309EE1}.Debug|Any CPU.ActiveCfg = Debug|Any CPU
		{06F2896D-18B9-416D-964E-2B5E36309EE1}.Debug|Any CPU.Build.0 = Debug|Any CPU
		{06F2896D-18B9-416D-964E-2B5E36309EE1}.Release|Any CPU.ActiveCfg = Release|Any CPU
		{06F2896D-18B9-416D-964E-2B5E36309EE1}.Release|Any CPU.Build.0 = Release|Any CPU
	EndGlobalSection
	GlobalSection(SolutionProperties) = preSolution
		HideSolutionNode = FALSE
	EndGlobalSection
	GlobalSection(ExtensibilityGlobals) = postSolution
		SolutionGuid = {16CE712C-2B98-436B-B7BF-8D88514C52F6}
	EndGlobalSection
EndGlobal
